// !$*UTF8*$!
{
	archiveVersion = 1;
	classes = {
	};
	objectVersion = 56;
	objects = {

/* Begin PBXBuildFile section */
		185076992CCA648B00612817 /* ThursdayUIDesignViewModel3.swift in Sources */ = {isa = PBXBuildFile; fileRef = 185076982CCA648B00612817 /* ThursdayUIDesignViewModel3.swift */; };
		1850769B2CCA8C0F00612817 /* ThursdayUIDesignView3TabView.swift in Sources */ = {isa = PBXBuildFile; fileRef = 1850769A2CCA8C0F00612817 /* ThursdayUIDesignView3TabView.swift */; };
		185E401D2CCB8A0100B7BF02 /* Side menu View.swift in Sources */ = {isa = PBXBuildFile; fileRef = 185E401C2CCB8A0100B7BF02 /* Side menu View.swift */; };
		186B61A02CB6D58E00EBE726 /* WednesdayUIDesignView.swift in Sources */ = {isa = PBXBuildFile; fileRef = 186B619F2CB6D58E00EBE726 /* WednesdayUIDesignView.swift */; };
		186FEF012CB3ECA0004F13AF /* SwiftUI_Designing_LearningApp.swift in Sources */ = {isa = PBXBuildFile; fileRef = 186FEF002CB3ECA0004F13AF /* SwiftUI_Designing_LearningApp.swift */; };
		186FEF032CB3ECA0004F13AF /* ContentView.swift in Sources */ = {isa = PBXBuildFile; fileRef = 186FEF022CB3ECA0004F13AF /* ContentView.swift */; };
		186FEF052CB3ECA5004F13AF /* Assets.xcassets in Resources */ = {isa = PBXBuildFile; fileRef = 186FEF042CB3ECA5004F13AF /* Assets.xcassets */; };
		186FEF082CB3ECA5004F13AF /* Preview Assets.xcassets in Resources */ = {isa = PBXBuildFile; fileRef = 186FEF072CB3ECA5004F13AF /* Preview Assets.xcassets */; };
		186FEF102CB3ED0D004F13AF /* MondayUIDesignView.swift in Sources */ = {isa = PBXBuildFile; fileRef = 186FEF0F2CB3ED0D004F13AF /* MondayUIDesignView.swift */; };
		187CFA7C2CCF98D000DC980B /* MondayUIDesignView4.swift in Sources */ = {isa = PBXBuildFile; fileRef = 187CFA7B2CCF98D000DC980B /* MondayUIDesignView4.swift */; };
		187CFA7E2CCFBE4700DC980B /* MondayUIDesignView4TabView.swift in Sources */ = {isa = PBXBuildFile; fileRef = 187CFA7D2CCFBE4700DC980B /* MondayUIDesignView4TabView.swift */; };
		187CFA812CCFD5B000DC980B /* TuesdayUIDesignView4.swift in Sources */ = {isa = PBXBuildFile; fileRef = 187CFA802CCFD5B000DC980B /* TuesdayUIDesignView4.swift */; };
		187F10722CC8D7CF00CDA6F5 /* WednesdayUIDesignView3.swift in Sources */ = {isa = PBXBuildFile; fileRef = 187F10712CC8D7CF00CDA6F5 /* WednesdayUIDesignView3.swift */; };
		187F10742CC9097500CDA6F5 /* WednesdayUIDesignDataModel3.swift in Sources */ = {isa = PBXBuildFile; fileRef = 187F10732CC9097500CDA6F5 /* WednesdayUIDesignDataModel3.swift */; };
		187F10762CC9098D00CDA6F5 /* WednesdayUIDesignViewModel3.swift in Sources */ = {isa = PBXBuildFile; fileRef = 187F10752CC9098D00CDA6F5 /* WednesdayUIDesignViewModel3.swift */; };
		187F10782CC9269400CDA6F5 /* WednesdayUIDesignView3TabView.swift in Sources */ = {isa = PBXBuildFile; fileRef = 187F10772CC9269400CDA6F5 /* WednesdayUIDesignView3TabView.swift */; };
		187F107B2CC93E8F00CDA6F5 /* ThursdayUIDesignView3.swift in Sources */ = {isa = PBXBuildFile; fileRef = 187F107A2CC93E8F00CDA6F5 /* ThursdayUIDesignView3.swift */; };
		18854BAC2CB90E7000DBCCC1 /* ThursdayUIDesignView.swift in Sources */ = {isa = PBXBuildFile; fileRef = 18854BAB2CB90E7000DBCCC1 /* ThursdayUIDesignView.swift */; };
		18947F8C2CBFA38C0002342D /* WednesdayUIDesignViewModel2.swift in Sources */ = {isa = PBXBuildFile; fileRef = 18947F8B2CBFA38C0002342D /* WednesdayUIDesignViewModel2.swift */; };
		18947F8E2CBFA4040002342D /* WednesdayUIDesignDataModel2.swift in Sources */ = {isa = PBXBuildFile; fileRef = 18947F8D2CBFA4040002342D /* WednesdayUIDesignDataModel2.swift */; };
		18947F902CBFE84D0002342D /* WednesdayUIDesignView2TabView.swift in Sources */ = {isa = PBXBuildFile; fileRef = 18947F8F2CBFE84D0002342D /* WednesdayUIDesignView2TabView.swift */; };
		189E9EF02CBE524400BA17BA /* TuesdayUIDesignView2.swift in Sources */ = {isa = PBXBuildFile; fileRef = 189E9EEF2CBE524400BA17BA /* TuesdayUIDesignView2.swift */; };
		189E9EF22CBE91BC00BA17BA /* TuesdayUIDesign2ViewModel.swift in Sources */ = {isa = PBXBuildFile; fileRef = 189E9EF12CBE91BC00BA17BA /* TuesdayUIDesign2ViewModel.swift */; };
		189E9EF52CBEA45500BA17BA /* WednesdayUIDesignView2.swift in Sources */ = {isa = PBXBuildFile; fileRef = 189E9EF42CBEA45500BA17BA /* WednesdayUIDesignView2.swift */; };
		18B2CDDB2CB94F40001390E9 /* ThursdayUIDesignViewModel.swift in Sources */ = {isa = PBXBuildFile; fileRef = 18B2CDDA2CB94F40001390E9 /* ThursdayUIDesignViewModel.swift */; };
		18B2CDDD2CB9502A001390E9 /* ThursdayUIDesignDataModel.swift in Sources */ = {isa = PBXBuildFile; fileRef = 18B2CDDC2CB9502A001390E9 /* ThursdayUIDesignDataModel.swift */; };
		18B654A52CC24E4D0008CB0F /* FridayUIDesignView2.swift in Sources */ = {isa = PBXBuildFile; fileRef = 18B654A42CC24E4D0008CB0F /* FridayUIDesignView2.swift */; };
		18C81AF62CCBE5090063C72D /* FridayUIDesignViewModel2.swift in Sources */ = {isa = PBXBuildFile; fileRef = 18C81AF52CCBE5090063C72D /* FridayUIDesignViewModel2.swift */; };
		18CCB84D2CC0F0F60052D4A9 /* ThursdayUIDesignView2.swift in Sources */ = {isa = PBXBuildFile; fileRef = 18CCB84C2CC0F0F60052D4A9 /* ThursdayUIDesignView2.swift */; };
		18CCB84F2CC0FAD80052D4A9 /* ThursdayUIDesignViewModel2.swift in Sources */ = {isa = PBXBuildFile; fileRef = 18CCB84E2CC0FAD80052D4A9 /* ThursdayUIDesignViewModel2.swift */; };
		18CCB8512CC0FB140052D4A9 /* ThursdayUIDesignDataModel2.swift in Sources */ = {isa = PBXBuildFile; fileRef = 18CCB8502CC0FB140052D4A9 /* ThursdayUIDesignDataModel2.swift */; };
		18D951A52CB5168F00200DCE /* TuesdayUIDesignView.swift in Sources */ = {isa = PBXBuildFile; fileRef = 18D951A42CB5168F00200DCE /* TuesdayUIDesignView.swift */; };
		18D951A72CB57F2400200DCE /* TuesdayUIDesignDataModel.swift in Sources */ = {isa = PBXBuildFile; fileRef = 18D951A62CB57F2400200DCE /* TuesdayUIDesignDataModel.swift */; };
		18D951A92CB57F3000200DCE /* TuesdayUIDesignViewModel.swift in Sources */ = {isa = PBXBuildFile; fileRef = 18D951A82CB57F3000200DCE /* TuesdayUIDesignViewModel.swift */; };
		18DDC04F2CC7933A00B83001 /* TuesdayUIDesignView3.swift in Sources */ = {isa = PBXBuildFile; fileRef = 18DDC04E2CC7933A00B83001 /* TuesdayUIDesignView3.swift */; };
		18DDC0512CC794A800B83001 /* TuesdayUIDesignDataModel3.swift in Sources */ = {isa = PBXBuildFile; fileRef = 18DDC0502CC794A800B83001 /* TuesdayUIDesignDataModel3.swift */; };
		18DDC0532CC794B900B83001 /* TuesdayUIDesignViewModel3.swift in Sources */ = {isa = PBXBuildFile; fileRef = 18DDC0522CC794B900B83001 /* TuesdayUIDesignViewModel3.swift */; };
		18DDC0552CC7BE0900B83001 /* TuesdayUIDesignView3TabView.swift in Sources */ = {isa = PBXBuildFile; fileRef = 18DDC0542CC7BE0900B83001 /* TuesdayUIDesignView3TabView.swift */; };
		18E2BA3C2CC639E10061AFF8 /* MondayUIDesignView3.swift in Sources */ = {isa = PBXBuildFile; fileRef = 18E2BA3B2CC639E10061AFF8 /* MondayUIDesignView3.swift */; };
		18EBAF582CB808540053D2FE /* WednesdayUIDesignViewModel.swift in Sources */ = {isa = PBXBuildFile; fileRef = 18EBAF572CB808540053D2FE /* WednesdayUIDesignViewModel.swift */; };
		18F7BDFA2CBCFE1B0015C160 /* FridayUIDesignView.swift in Sources */ = {isa = PBXBuildFile; fileRef = 18F7BDF92CBCFE1B0015C160 /* FridayUIDesignView.swift */; };
		18F7BDFF2CBD5EC10015C160 /* MondayUIDesignView2.swift in Sources */ = {isa = PBXBuildFile; fileRef = 18F7BDFE2CBD5EC10015C160 /* MondayUIDesignView2.swift */; };
/* End PBXBuildFile section */

/* Begin PBXFileReference section */
		185076982CCA648B00612817 /* ThursdayUIDesignViewModel3.swift */ = {isa = PBXFileReference; lastKnownFileType = sourcecode.swift; path = ThursdayUIDesignViewModel3.swift; sourceTree = "<group>"; };
		1850769A2CCA8C0F00612817 /* ThursdayUIDesignView3TabView.swift */ = {isa = PBXFileReference; lastKnownFileType = sourcecode.swift; path = ThursdayUIDesignView3TabView.swift; sourceTree = "<group>"; };
		185E401C2CCB8A0100B7BF02 /* Side menu View.swift */ = {isa = PBXFileReference; lastKnownFileType = sourcecode.swift; path = "Side menu View.swift"; sourceTree = "<group>"; };
		186B619F2CB6D58E00EBE726 /* WednesdayUIDesignView.swift */ = {isa = PBXFileReference; lastKnownFileType = sourcecode.swift; path = WednesdayUIDesignView.swift; sourceTree = "<group>"; };
		186FEEFD2CB3ECA0004F13AF /* SwiftUI-Designing-Learning.app */ = {isa = PBXFileReference; explicitFileType = wrapper.application; includeInIndex = 0; path = "SwiftUI-Designing-Learning.app"; sourceTree = BUILT_PRODUCTS_DIR; };
		186FEF002CB3ECA0004F13AF /* SwiftUI_Designing_LearningApp.swift */ = {isa = PBXFileReference; lastKnownFileType = sourcecode.swift; path = SwiftUI_Designing_LearningApp.swift; sourceTree = "<group>"; };
		186FEF022CB3ECA0004F13AF /* ContentView.swift */ = {isa = PBXFileReference; lastKnownFileType = sourcecode.swift; path = ContentView.swift; sourceTree = "<group>"; };
		186FEF042CB3ECA5004F13AF /* Assets.xcassets */ = {isa = PBXFileReference; lastKnownFileType = folder.assetcatalog; path = Assets.xcassets; sourceTree = "<group>"; };
		186FEF072CB3ECA5004F13AF /* Preview Assets.xcassets */ = {isa = PBXFileReference; lastKnownFileType = folder.assetcatalog; path = "Preview Assets.xcassets"; sourceTree = "<group>"; };
		186FEF0F2CB3ED0D004F13AF /* MondayUIDesignView.swift */ = {isa = PBXFileReference; lastKnownFileType = sourcecode.swift; path = MondayUIDesignView.swift; sourceTree = "<group>"; };
		187CFA7B2CCF98D000DC980B /* MondayUIDesignView4.swift */ = {isa = PBXFileReference; lastKnownFileType = sourcecode.swift; path = MondayUIDesignView4.swift; sourceTree = "<group>"; };
		187CFA7D2CCFBE4700DC980B /* MondayUIDesignView4TabView.swift */ = {isa = PBXFileReference; lastKnownFileType = sourcecode.swift; path = MondayUIDesignView4TabView.swift; sourceTree = "<group>"; };
		187CFA802CCFD5B000DC980B /* TuesdayUIDesignView4.swift */ = {isa = PBXFileReference; lastKnownFileType = sourcecode.swift; path = TuesdayUIDesignView4.swift; sourceTree = "<group>"; };
		187F10712CC8D7CF00CDA6F5 /* WednesdayUIDesignView3.swift */ = {isa = PBXFileReference; lastKnownFileType = sourcecode.swift; path = WednesdayUIDesignView3.swift; sourceTree = "<group>"; };
		187F10732CC9097500CDA6F5 /* WednesdayUIDesignDataModel3.swift */ = {isa = PBXFileReference; lastKnownFileType = sourcecode.swift; path = WednesdayUIDesignDataModel3.swift; sourceTree = "<group>"; };
		187F10752CC9098D00CDA6F5 /* WednesdayUIDesignViewModel3.swift */ = {isa = PBXFileReference; lastKnownFileType = sourcecode.swift; path = WednesdayUIDesignViewModel3.swift; sourceTree = "<group>"; };
		187F10772CC9269400CDA6F5 /* WednesdayUIDesignView3TabView.swift */ = {isa = PBXFileReference; lastKnownFileType = sourcecode.swift; path = WednesdayUIDesignView3TabView.swift; sourceTree = "<group>"; };
		187F107A2CC93E8F00CDA6F5 /* ThursdayUIDesignView3.swift */ = {isa = PBXFileReference; lastKnownFileType = sourcecode.swift; path = ThursdayUIDesignView3.swift; sourceTree = "<group>"; };
		18854BAB2CB90E7000DBCCC1 /* ThursdayUIDesignView.swift */ = {isa = PBXFileReference; lastKnownFileType = sourcecode.swift; path = ThursdayUIDesignView.swift; sourceTree = "<group>"; };
		18947F8B2CBFA38C0002342D /* WednesdayUIDesignViewModel2.swift */ = {isa = PBXFileReference; lastKnownFileType = sourcecode.swift; path = WednesdayUIDesignViewModel2.swift; sourceTree = "<group>"; };
		18947F8D2CBFA4040002342D /* WednesdayUIDesignDataModel2.swift */ = {isa = PBXFileReference; lastKnownFileType = sourcecode.swift; path = WednesdayUIDesignDataModel2.swift; sourceTree = "<group>"; };
		18947F8F2CBFE84D0002342D /* WednesdayUIDesignView2TabView.swift */ = {isa = PBXFileReference; lastKnownFileType = sourcecode.swift; path = WednesdayUIDesignView2TabView.swift; sourceTree = "<group>"; };
		189E9EEF2CBE524400BA17BA /* TuesdayUIDesignView2.swift */ = {isa = PBXFileReference; lastKnownFileType = sourcecode.swift; path = TuesdayUIDesignView2.swift; sourceTree = "<group>"; };
		189E9EF12CBE91BC00BA17BA /* TuesdayUIDesign2ViewModel.swift */ = {isa = PBXFileReference; lastKnownFileType = sourcecode.swift; path = TuesdayUIDesign2ViewModel.swift; sourceTree = "<group>"; };
		189E9EF42CBEA45500BA17BA /* WednesdayUIDesignView2.swift */ = {isa = PBXFileReference; lastKnownFileType = sourcecode.swift; path = WednesdayUIDesignView2.swift; sourceTree = "<group>"; };
		18B2CDDA2CB94F40001390E9 /* ThursdayUIDesignViewModel.swift */ = {isa = PBXFileReference; lastKnownFileType = sourcecode.swift; path = ThursdayUIDesignViewModel.swift; sourceTree = "<group>"; };
		18B2CDDC2CB9502A001390E9 /* ThursdayUIDesignDataModel.swift */ = {isa = PBXFileReference; lastKnownFileType = sourcecode.swift; path = ThursdayUIDesignDataModel.swift; sourceTree = "<group>"; };
		18B654A42CC24E4D0008CB0F /* FridayUIDesignView2.swift */ = {isa = PBXFileReference; lastKnownFileType = sourcecode.swift; path = FridayUIDesignView2.swift; sourceTree = "<group>"; };
		18C81AF52CCBE5090063C72D /* FridayUIDesignViewModel2.swift */ = {isa = PBXFileReference; lastKnownFileType = sourcecode.swift; path = FridayUIDesignViewModel2.swift; sourceTree = "<group>"; };
		18CCB84C2CC0F0F60052D4A9 /* ThursdayUIDesignView2.swift */ = {isa = PBXFileReference; lastKnownFileType = sourcecode.swift; path = ThursdayUIDesignView2.swift; sourceTree = "<group>"; };
		18CCB84E2CC0FAD80052D4A9 /* ThursdayUIDesignViewModel2.swift */ = {isa = PBXFileReference; lastKnownFileType = sourcecode.swift; path = ThursdayUIDesignViewModel2.swift; sourceTree = "<group>"; };
		18CCB8502CC0FB140052D4A9 /* ThursdayUIDesignDataModel2.swift */ = {isa = PBXFileReference; lastKnownFileType = sourcecode.swift; path = ThursdayUIDesignDataModel2.swift; sourceTree = "<group>"; };
		18D951A42CB5168F00200DCE /* TuesdayUIDesignView.swift */ = {isa = PBXFileReference; lastKnownFileType = sourcecode.swift; path = TuesdayUIDesignView.swift; sourceTree = "<group>"; };
		18D951A62CB57F2400200DCE /* TuesdayUIDesignDataModel.swift */ = {isa = PBXFileReference; lastKnownFileType = sourcecode.swift; path = TuesdayUIDesignDataModel.swift; sourceTree = "<group>"; };
		18D951A82CB57F3000200DCE /* TuesdayUIDesignViewModel.swift */ = {isa = PBXFileReference; lastKnownFileType = sourcecode.swift; path = TuesdayUIDesignViewModel.swift; sourceTree = "<group>"; };
		18DDC04E2CC7933A00B83001 /* TuesdayUIDesignView3.swift */ = {isa = PBXFileReference; lastKnownFileType = sourcecode.swift; path = TuesdayUIDesignView3.swift; sourceTree = "<group>"; };
		18DDC0502CC794A800B83001 /* TuesdayUIDesignDataModel3.swift */ = {isa = PBXFileReference; lastKnownFileType = sourcecode.swift; path = TuesdayUIDesignDataModel3.swift; sourceTree = "<group>"; };
		18DDC0522CC794B900B83001 /* TuesdayUIDesignViewModel3.swift */ = {isa = PBXFileReference; lastKnownFileType = sourcecode.swift; path = TuesdayUIDesignViewModel3.swift; sourceTree = "<group>"; };
		18DDC0542CC7BE0900B83001 /* TuesdayUIDesignView3TabView.swift */ = {isa = PBXFileReference; lastKnownFileType = sourcecode.swift; path = TuesdayUIDesignView3TabView.swift; sourceTree = "<group>"; };
		18E2BA3B2CC639E10061AFF8 /* MondayUIDesignView3.swift */ = {isa = PBXFileReference; lastKnownFileType = sourcecode.swift; path = MondayUIDesignView3.swift; sourceTree = "<group>"; };
		18EBAF572CB808540053D2FE /* WednesdayUIDesignViewModel.swift */ = {isa = PBXFileReference; lastKnownFileType = sourcecode.swift; path = WednesdayUIDesignViewModel.swift; sourceTree = "<group>"; };
		18F7BDF92CBCFE1B0015C160 /* FridayUIDesignView.swift */ = {isa = PBXFileReference; lastKnownFileType = sourcecode.swift; path = FridayUIDesignView.swift; sourceTree = "<group>"; };
		18F7BDFE2CBD5EC10015C160 /* MondayUIDesignView2.swift */ = {isa = PBXFileReference; lastKnownFileType = sourcecode.swift; path = MondayUIDesignView2.swift; sourceTree = "<group>"; };
/* End PBXFileReference section */

/* Begin PBXFrameworksBuildPhase section */
		186FEEFA2CB3ECA0004F13AF /* Frameworks */ = {
			isa = PBXFrameworksBuildPhase;
			buildActionMask = 2147483647;
			files = (
			);
			runOnlyForDeploymentPostprocessing = 0;
		};
/* End PBXFrameworksBuildPhase section */

/* Begin PBXGroup section */
		186B619E2CB69CCD00EBE726 /* Wednesday Task */ = {
			isa = PBXGroup;
			children = (
				186B619F2CB6D58E00EBE726 /* WednesdayUIDesignView.swift */,
				18EBAF572CB808540053D2FE /* WednesdayUIDesignViewModel.swift */,
			);
			path = "Wednesday Task";
			sourceTree = "<group>";
		};
		186FEEF42CB3EC9F004F13AF = {
			isa = PBXGroup;
			children = (
				186FEEFF2CB3ECA0004F13AF /* SwiftUI-Designing-Learning */,
				186FEEFE2CB3ECA0004F13AF /* Products */,
			);
			sourceTree = "<group>";
		};
		186FEEFE2CB3ECA0004F13AF /* Products */ = {
			isa = PBXGroup;
			children = (
				186FEEFD2CB3ECA0004F13AF /* SwiftUI-Designing-Learning.app */,
			);
			name = Products;
			sourceTree = "<group>";
		};
		186FEEFF2CB3ECA0004F13AF /* SwiftUI-Designing-Learning */ = {
			isa = PBXGroup;
			children = (
				186FEF002CB3ECA0004F13AF /* SwiftUI_Designing_LearningApp.swift */,
				186FEF022CB3ECA0004F13AF /* ContentView.swift */,
				18F7BDFB2CBD512F0015C160 /* Week 1 */,
				18F7BDFC2CBD5DF70015C160 /* Week 2 */,
				18E2BA392CC6399A0061AFF8 /* Week 3 */,
				187CFA792CCF95F600DC980B /* Week 4 */,
				186FEF062CB3ECA5004F13AF /* Preview Content */,
				186FEF042CB3ECA5004F13AF /* Assets.xcassets */,
			);
			path = "SwiftUI-Designing-Learning";
			sourceTree = "<group>";
		};
		186FEF062CB3ECA5004F13AF /* Preview Content */ = {
			isa = PBXGroup;
			children = (
				186FEF072CB3ECA5004F13AF /* Preview Assets.xcassets */,
			);
			path = "Preview Content";
			sourceTree = "<group>";
		};
		186FEF0E2CB3ECE8004F13AF /* Monday Task */ = {
			isa = PBXGroup;
			children = (
				186FEF0F2CB3ED0D004F13AF /* MondayUIDesignView.swift */,
			);
			path = "Monday Task";
			sourceTree = "<group>";
		};
		187CFA792CCF95F600DC980B /* Week 4 */ = {
			isa = PBXGroup;
			children = (
				187CFA7A2CCF960500DC980B /* Monday Task */,
				187CFA7F2CCFD54400DC980B /* Tuesday Task */,
			);
			path = "Week 4";
			sourceTree = "<group>";
		};
		187CFA7A2CCF960500DC980B /* Monday Task */ = {
			isa = PBXGroup;
			children = (
				187CFA7D2CCFBE4700DC980B /* MondayUIDesignView4TabView.swift */,
				187CFA7B2CCF98D000DC980B /* MondayUIDesignView4.swift */,
			);
			path = "Monday Task";
			sourceTree = "<group>";
		};
		187CFA7F2CCFD54400DC980B /* Tuesday Task */ = {
			isa = PBXGroup;
			children = (
				187CFA802CCFD5B000DC980B /* TuesdayUIDesignView4.swift */,
			);
			path = "Tuesday Task";
			sourceTree = "<group>";
		};
		187F10702CC8D79200CDA6F5 /* Wednesday Task */ = {
			isa = PBXGroup;
			children = (
				187F10772CC9269400CDA6F5 /* WednesdayUIDesignView3TabView.swift */,
				187F10732CC9097500CDA6F5 /* WednesdayUIDesignDataModel3.swift */,
				187F10712CC8D7CF00CDA6F5 /* WednesdayUIDesignView3.swift */,
				187F10752CC9098D00CDA6F5 /* WednesdayUIDesignViewModel3.swift */,
			);
			path = "Wednesday Task";
			sourceTree = "<group>";
		};
		187F10792CC93E3D00CDA6F5 /* Thursday Task */ = {
			isa = PBXGroup;
			children = (
				1850769A2CCA8C0F00612817 /* ThursdayUIDesignView3TabView.swift */,
				187F107A2CC93E8F00CDA6F5 /* ThursdayUIDesignView3.swift */,
				185076982CCA648B00612817 /* ThursdayUIDesignViewModel3.swift */,
			);
			path = "Thursday Task";
			sourceTree = "<group>";
		};
		18854BAA2CB90E2E00DBCCC1 /* Thursday Task */ = {
			isa = PBXGroup;
			children = (
				18B2CDDC2CB9502A001390E9 /* ThursdayUIDesignDataModel.swift */,
				18854BAB2CB90E7000DBCCC1 /* ThursdayUIDesignView.swift */,
				18B2CDDA2CB94F40001390E9 /* ThursdayUIDesignViewModel.swift */,
			);
			path = "Thursday Task";
			sourceTree = "<group>";
		};
		189E9EEE2CBE521C00BA17BA /* Tuesday Task */ = {
			isa = PBXGroup;
			children = (
				189E9EEF2CBE524400BA17BA /* TuesdayUIDesignView2.swift */,
				189E9EF12CBE91BC00BA17BA /* TuesdayUIDesign2ViewModel.swift */,
			);
			path = "Tuesday Task";
			sourceTree = "<group>";
		};
		189E9EF32CBEA42400BA17BA /* Wednesday Task */ = {
			isa = PBXGroup;
			children = (
				18947F8F2CBFE84D0002342D /* WednesdayUIDesignView2TabView.swift */,
				18947F8D2CBFA4040002342D /* WednesdayUIDesignDataModel2.swift */,
				189E9EF42CBEA45500BA17BA /* WednesdayUIDesignView2.swift */,
				18947F8B2CBFA38C0002342D /* WednesdayUIDesignViewModel2.swift */,
			);
			path = "Wednesday Task";
			sourceTree = "<group>";
		};
		18B654A32CC24E1B0008CB0F /* Friday Task */ = {
			isa = PBXGroup;
			children = (
				18B654A42CC24E4D0008CB0F /* FridayUIDesignView2.swift */,
				185E401C2CCB8A0100B7BF02 /* Side menu View.swift */,
				18C81AF52CCBE5090063C72D /* FridayUIDesignViewModel2.swift */,
			);
			path = "Friday Task";
			sourceTree = "<group>";
		};
		18CCB84B2CC0F0B80052D4A9 /* Thursday Task */ = {
			isa = PBXGroup;
			children = (
				18CCB8502CC0FB140052D4A9 /* ThursdayUIDesignDataModel2.swift */,
				18CCB84C2CC0F0F60052D4A9 /* ThursdayUIDesignView2.swift */,
				18CCB84E2CC0FAD80052D4A9 /* ThursdayUIDesignViewModel2.swift */,
			);
			path = "Thursday Task";
			sourceTree = "<group>";
		};
		18D951A32CB5166000200DCE /* Tuesday Task */ = {
			isa = PBXGroup;
			children = (
				18D951A62CB57F2400200DCE /* TuesdayUIDesignDataModel.swift */,
				18D951A42CB5168F00200DCE /* TuesdayUIDesignView.swift */,
				18D951A82CB57F3000200DCE /* TuesdayUIDesignViewModel.swift */,
			);
			path = "Tuesday Task";
			sourceTree = "<group>";
		};
		18DDC04D2CC7930000B83001 /* Tuesday Task */ = {
			isa = PBXGroup;
			children = (
				18DDC0542CC7BE0900B83001 /* TuesdayUIDesignView3TabView.swift */,
				18DDC0502CC794A800B83001 /* TuesdayUIDesignDataModel3.swift */,
				18DDC04E2CC7933A00B83001 /* TuesdayUIDesignView3.swift */,
				18DDC0522CC794B900B83001 /* TuesdayUIDesignViewModel3.swift */,
			);
			path = "Tuesday Task";
			sourceTree = "<group>";
		};
		18E2BA392CC6399A0061AFF8 /* Week 3 */ = {
			isa = PBXGroup;
			children = (
				18E2BA3A2CC639B00061AFF8 /* Monday Task */,
				18DDC04D2CC7930000B83001 /* Tuesday Task */,
				187F10702CC8D79200CDA6F5 /* Wednesday Task */,
				187F10792CC93E3D00CDA6F5 /* Thursday Task */,
			);
			path = "Week 3";
			sourceTree = "<group>";
		};
		18E2BA3A2CC639B00061AFF8 /* Monday Task */ = {
			isa = PBXGroup;
			children = (
				18E2BA3B2CC639E10061AFF8 /* MondayUIDesignView3.swift */,
			);
			path = "Monday Task";
			sourceTree = "<group>";
		};
		18F7BDF82CBCFDF10015C160 /* Friday Task */ = {
			isa = PBXGroup;
			children = (
				18F7BDF92CBCFE1B0015C160 /* FridayUIDesignView.swift */,
			);
			path = "Friday Task";
			sourceTree = "<group>";
		};
		18F7BDFB2CBD512F0015C160 /* Week 1 */ = {
			isa = PBXGroup;
			children = (
				186FEF0E2CB3ECE8004F13AF /* Monday Task */,
				18D951A32CB5166000200DCE /* Tuesday Task */,
				186B619E2CB69CCD00EBE726 /* Wednesday Task */,
				18854BAA2CB90E2E00DBCCC1 /* Thursday Task */,
				18F7BDF82CBCFDF10015C160 /* Friday Task */,
			);
			path = "Week 1";
			sourceTree = "<group>";
		};
		18F7BDFC2CBD5DF70015C160 /* Week 2 */ = {
			isa = PBXGroup;
			children = (
				18F7BDFD2CBD5E8B0015C160 /* Monday Task */,
				189E9EEE2CBE521C00BA17BA /* Tuesday Task */,
				189E9EF32CBEA42400BA17BA /* Wednesday Task */,
				18CCB84B2CC0F0B80052D4A9 /* Thursday Task */,
				18B654A32CC24E1B0008CB0F /* Friday Task */,
			);
			path = "Week 2";
			sourceTree = "<group>";
		};
		18F7BDFD2CBD5E8B0015C160 /* Monday Task */ = {
			isa = PBXGroup;
			children = (
				18F7BDFE2CBD5EC10015C160 /* MondayUIDesignView2.swift */,
			);
			path = "Monday Task";
			sourceTree = "<group>";
		};
/* End PBXGroup section */

/* Begin PBXNativeTarget section */
		186FEEFC2CB3ECA0004F13AF /* SwiftUI-Designing-Learning */ = {
			isa = PBXNativeTarget;
			buildConfigurationList = 186FEF0B2CB3ECA5004F13AF /* Build configuration list for PBXNativeTarget "SwiftUI-Designing-Learning" */;
			buildPhases = (
				186FEEF92CB3ECA0004F13AF /* Sources */,
				186FEEFA2CB3ECA0004F13AF /* Frameworks */,
				186FEEFB2CB3ECA0004F13AF /* Resources */,
			);
			buildRules = (
			);
			dependencies = (
			);
			name = "SwiftUI-Designing-Learning";
			productName = "SwiftUI-Designing-Learning";
			productReference = 186FEEFD2CB3ECA0004F13AF /* SwiftUI-Designing-Learning.app */;
			productType = "com.apple.product-type.application";
		};
/* End PBXNativeTarget section */

/* Begin PBXProject section */
		186FEEF52CB3EC9F004F13AF /* Project object */ = {
			isa = PBXProject;
			attributes = {
				BuildIndependentTargetsInParallel = 1;
				LastSwiftUpdateCheck = 1420;
				LastUpgradeCheck = 1420;
				TargetAttributes = {
					186FEEFC2CB3ECA0004F13AF = {
						CreatedOnToolsVersion = 14.2;
					};
				};
			};
			buildConfigurationList = 186FEEF82CB3EC9F004F13AF /* Build configuration list for PBXProject "SwiftUI-Designing-Learning" */;
			compatibilityVersion = "Xcode 14.0";
			developmentRegion = en;
			hasScannedForEncodings = 0;
			knownRegions = (
				en,
				Base,
			);
			mainGroup = 186FEEF42CB3EC9F004F13AF;
			productRefGroup = 186FEEFE2CB3ECA0004F13AF /* Products */;
			projectDirPath = "";
			projectRoot = "";
			targets = (
				186FEEFC2CB3ECA0004F13AF /* SwiftUI-Designing-Learning */,
			);
		};
/* End PBXProject section */

/* Begin PBXResourcesBuildPhase section */
		186FEEFB2CB3ECA0004F13AF /* Resources */ = {
			isa = PBXResourcesBuildPhase;
			buildActionMask = 2147483647;
			files = (
				186FEF082CB3ECA5004F13AF /* Preview Assets.xcassets in Resources */,
				186FEF052CB3ECA5004F13AF /* Assets.xcassets in Resources */,
			);
			runOnlyForDeploymentPostprocessing = 0;
		};
/* End PBXResourcesBuildPhase section */

/* Begin PBXSourcesBuildPhase section */
		186FEEF92CB3ECA0004F13AF /* Sources */ = {
			isa = PBXSourcesBuildPhase;
			buildActionMask = 2147483647;
			files = (
				189E9EF52CBEA45500BA17BA /* WednesdayUIDesignView2.swift in Sources */,
				18DDC0552CC7BE0900B83001 /* TuesdayUIDesignView3TabView.swift in Sources */,
				186FEF032CB3ECA0004F13AF /* ContentView.swift in Sources */,
				18E2BA3C2CC639E10061AFF8 /* MondayUIDesignView3.swift in Sources */,
				18CCB8512CC0FB140052D4A9 /* ThursdayUIDesignDataModel2.swift in Sources */,
				187F10722CC8D7CF00CDA6F5 /* WednesdayUIDesignView3.swift in Sources */,
				18F7BDFF2CBD5EC10015C160 /* MondayUIDesignView2.swift in Sources */,
				18854BAC2CB90E7000DBCCC1 /* ThursdayUIDesignView.swift in Sources */,
				18B654A52CC24E4D0008CB0F /* FridayUIDesignView2.swift in Sources */,
				186FEF102CB3ED0D004F13AF /* MondayUIDesignView.swift in Sources */,
				185076992CCA648B00612817 /* ThursdayUIDesignViewModel3.swift in Sources */,
				187CFA7C2CCF98D000DC980B /* MondayUIDesignView4.swift in Sources */,
				187F10782CC9269400CDA6F5 /* WednesdayUIDesignView3TabView.swift in Sources */,
				187F107B2CC93E8F00CDA6F5 /* ThursdayUIDesignView3.swift in Sources */,
				185E401D2CCB8A0100B7BF02 /* Side menu View.swift in Sources */,
				18CCB84F2CC0FAD80052D4A9 /* ThursdayUIDesignViewModel2.swift in Sources */,
				18DDC0532CC794B900B83001 /* TuesdayUIDesignViewModel3.swift in Sources */,
				18D951A92CB57F3000200DCE /* TuesdayUIDesignViewModel.swift in Sources */,
				186B61A02CB6D58E00EBE726 /* WednesdayUIDesignView.swift in Sources */,
				187F10742CC9097500CDA6F5 /* WednesdayUIDesignDataModel3.swift in Sources */,
				18D951A52CB5168F00200DCE /* TuesdayUIDesignView.swift in Sources */,
				189E9EF02CBE524400BA17BA /* TuesdayUIDesignView2.swift in Sources */,
				1850769B2CCA8C0F00612817 /* ThursdayUIDesignView3TabView.swift in Sources */,
				18DDC0512CC794A800B83001 /* TuesdayUIDesignDataModel3.swift in Sources */,
				186FEF012CB3ECA0004F13AF /* SwiftUI_Designing_LearningApp.swift in Sources */,
				18947F8C2CBFA38C0002342D /* WednesdayUIDesignViewModel2.swift in Sources */,
				18B2CDDB2CB94F40001390E9 /* ThursdayUIDesignViewModel.swift in Sources */,
				187CFA812CCFD5B000DC980B /* TuesdayUIDesignView4.swift in Sources */,
				189E9EF22CBE91BC00BA17BA /* TuesdayUIDesign2ViewModel.swift in Sources */,
				18B2CDDD2CB9502A001390E9 /* ThursdayUIDesignDataModel.swift in Sources */,
				18DDC04F2CC7933A00B83001 /* TuesdayUIDesignView3.swift in Sources */,
				187F10762CC9098D00CDA6F5 /* WednesdayUIDesignViewModel3.swift in Sources */,
				18F7BDFA2CBCFE1B0015C160 /* FridayUIDesignView.swift in Sources */,
				18947F902CBFE84D0002342D /* WednesdayUIDesignView2TabView.swift in Sources */,
				18EBAF582CB808540053D2FE /* WednesdayUIDesignViewModel.swift in Sources */,
				18D951A72CB57F2400200DCE /* TuesdayUIDesignDataModel.swift in Sources */,
				18947F8E2CBFA4040002342D /* WednesdayUIDesignDataModel2.swift in Sources */,
				18CCB84D2CC0F0F60052D4A9 /* ThursdayUIDesignView2.swift in Sources */,
				18C81AF62CCBE5090063C72D /* FridayUIDesignViewModel2.swift in Sources */,
				187CFA7E2CCFBE4700DC980B /* MondayUIDesignView4TabView.swift in Sources */,
			);
			runOnlyForDeploymentPostprocessing = 0;
		};
/* End PBXSourcesBuildPhase section */

/* Begin XCBuildConfiguration section */
		186FEF092CB3ECA5004F13AF /* Debug */ = {
			isa = XCBuildConfiguration;
			buildSettings = {
				ALWAYS_SEARCH_USER_PATHS = NO;
				CLANG_ANALYZER_NONNULL = YES;
				CLANG_ANALYZER_NUMBER_OBJECT_CONVERSION = YES_AGGRESSIVE;
				CLANG_CXX_LANGUAGE_STANDARD = "gnu++20";
				CLANG_ENABLE_MODULES = YES;
				CLANG_ENABLE_OBJC_ARC = YES;
				CLANG_ENABLE_OBJC_WEAK = YES;
				CLANG_WARN_BLOCK_CAPTURE_AUTORELEASING = YES;
				CLANG_WARN_BOOL_CONVERSION = YES;
				CLANG_WARN_COMMA = YES;
				CLANG_WARN_CONSTANT_CONVERSION = YES;
				CLANG_WARN_DEPRECATED_OBJC_IMPLEMENTATIONS = YES;
				CLANG_WARN_DIRECT_OBJC_ISA_USAGE = YES_ERROR;
				CLANG_WARN_DOCUMENTATION_COMMENTS = YES;
				CLANG_WARN_EMPTY_BODY = YES;
				CLANG_WARN_ENUM_CONVERSION = YES;
				CLANG_WARN_INFINITE_RECURSION = YES;
				CLANG_WARN_INT_CONVERSION = YES;
				CLANG_WARN_NON_LITERAL_NULL_CONVERSION = YES;
				CLANG_WARN_OBJC_IMPLICIT_RETAIN_SELF = YES;
				CLANG_WARN_OBJC_LITERAL_CONVERSION = YES;
				CLANG_WARN_OBJC_ROOT_CLASS = YES_ERROR;
				CLANG_WARN_QUOTED_INCLUDE_IN_FRAMEWORK_HEADER = YES;
				CLANG_WARN_RANGE_LOOP_ANALYSIS = YES;
				CLANG_WARN_STRICT_PROTOTYPES = YES;
				CLANG_WARN_SUSPICIOUS_MOVE = YES;
				CLANG_WARN_UNGUARDED_AVAILABILITY = YES_AGGRESSIVE;
				CLANG_WARN_UNREACHABLE_CODE = YES;
				CLANG_WARN__DUPLICATE_METHOD_MATCH = YES;
				COPY_PHASE_STRIP = NO;
				DEBUG_INFORMATION_FORMAT = dwarf;
				ENABLE_STRICT_OBJC_MSGSEND = YES;
				ENABLE_TESTABILITY = YES;
				GCC_C_LANGUAGE_STANDARD = gnu11;
				GCC_DYNAMIC_NO_PIC = NO;
				GCC_NO_COMMON_BLOCKS = YES;
				GCC_OPTIMIZATION_LEVEL = 0;
				GCC_PREPROCESSOR_DEFINITIONS = (
					"DEBUG=1",
					"$(inherited)",
				);
				GCC_WARN_64_TO_32_BIT_CONVERSION = YES;
				GCC_WARN_ABOUT_RETURN_TYPE = YES_ERROR;
				GCC_WARN_UNDECLARED_SELECTOR = YES;
				GCC_WARN_UNINITIALIZED_AUTOS = YES_AGGRESSIVE;
				GCC_WARN_UNUSED_FUNCTION = YES;
				GCC_WARN_UNUSED_VARIABLE = YES;
				IPHONEOS_DEPLOYMENT_TARGET = 16.2;
				MTL_ENABLE_DEBUG_INFO = INCLUDE_SOURCE;
				MTL_FAST_MATH = YES;
				ONLY_ACTIVE_ARCH = YES;
				SDKROOT = iphoneos;
				SWIFT_ACTIVE_COMPILATION_CONDITIONS = DEBUG;
				SWIFT_OPTIMIZATION_LEVEL = "-Onone";
			};
			name = Debug;
		};
		186FEF0A2CB3ECA5004F13AF /* Release */ = {
			isa = XCBuildConfiguration;
			buildSettings = {
				ALWAYS_SEARCH_USER_PATHS = NO;
				CLANG_ANALYZER_NONNULL = YES;
				CLANG_ANALYZER_NUMBER_OBJECT_CONVERSION = YES_AGGRESSIVE;
				CLANG_CXX_LANGUAGE_STANDARD = "gnu++20";
				CLANG_ENABLE_MODULES = YES;
				CLANG_ENABLE_OBJC_ARC = YES;
				CLANG_ENABLE_OBJC_WEAK = YES;
				CLANG_WARN_BLOCK_CAPTURE_AUTORELEASING = YES;
				CLANG_WARN_BOOL_CONVERSION = YES;
				CLANG_WARN_COMMA = YES;
				CLANG_WARN_CONSTANT_CONVERSION = YES;
				CLANG_WARN_DEPRECATED_OBJC_IMPLEMENTATIONS = YES;
				CLANG_WARN_DIRECT_OBJC_ISA_USAGE = YES_ERROR;
				CLANG_WARN_DOCUMENTATION_COMMENTS = YES;
				CLANG_WARN_EMPTY_BODY = YES;
				CLANG_WARN_ENUM_CONVERSION = YES;
				CLANG_WARN_INFINITE_RECURSION = YES;
				CLANG_WARN_INT_CONVERSION = YES;
				CLANG_WARN_NON_LITERAL_NULL_CONVERSION = YES;
				CLANG_WARN_OBJC_IMPLICIT_RETAIN_SELF = YES;
				CLANG_WARN_OBJC_LITERAL_CONVERSION = YES;
				CLANG_WARN_OBJC_ROOT_CLASS = YES_ERROR;
				CLANG_WARN_QUOTED_INCLUDE_IN_FRAMEWORK_HEADER = YES;
				CLANG_WARN_RANGE_LOOP_ANALYSIS = YES;
				CLANG_WARN_STRICT_PROTOTYPES = YES;
				CLANG_WARN_SUSPICIOUS_MOVE = YES;
				CLANG_WARN_UNGUARDED_AVAILABILITY = YES_AGGRESSIVE;
				CLANG_WARN_UNREACHABLE_CODE = YES;
				CLANG_WARN__DUPLICATE_METHOD_MATCH = YES;
				COPY_PHASE_STRIP = NO;
				DEBUG_INFORMATION_FORMAT = "dwarf-with-dsym";
				ENABLE_NS_ASSERTIONS = NO;
				ENABLE_STRICT_OBJC_MSGSEND = YES;
				GCC_C_LANGUAGE_STANDARD = gnu11;
				GCC_NO_COMMON_BLOCKS = YES;
				GCC_WARN_64_TO_32_BIT_CONVERSION = YES;
				GCC_WARN_ABOUT_RETURN_TYPE = YES_ERROR;
				GCC_WARN_UNDECLARED_SELECTOR = YES;
				GCC_WARN_UNINITIALIZED_AUTOS = YES_AGGRESSIVE;
				GCC_WARN_UNUSED_FUNCTION = YES;
				GCC_WARN_UNUSED_VARIABLE = YES;
				IPHONEOS_DEPLOYMENT_TARGET = 16.2;
				MTL_ENABLE_DEBUG_INFO = NO;
				MTL_FAST_MATH = YES;
				SDKROOT = iphoneos;
				SWIFT_COMPILATION_MODE = wholemodule;
				SWIFT_OPTIMIZATION_LEVEL = "-O";
				VALIDATE_PRODUCT = YES;
			};
			name = Release;
		};
		186FEF0C2CB3ECA5004F13AF /* Debug */ = {
			isa = XCBuildConfiguration;
			buildSettings = {
				ASSETCATALOG_COMPILER_APPICON_NAME = AppIcon;
				ASSETCATALOG_COMPILER_GLOBAL_ACCENT_COLOR_NAME = AccentColor;
				CODE_SIGN_STYLE = Automatic;
				CURRENT_PROJECT_VERSION = 1;
				DEVELOPMENT_ASSET_PATHS = "\"SwiftUI-Designing-Learning/Preview Content\"";
				ENABLE_PREVIEWS = YES;
				GENERATE_INFOPLIST_FILE = YES;
				INFOPLIST_KEY_UIApplicationSceneManifest_Generation = YES;
				INFOPLIST_KEY_UIApplicationSupportsIndirectInputEvents = YES;
				INFOPLIST_KEY_UILaunchScreen_Generation = YES;
				INFOPLIST_KEY_UISupportedInterfaceOrientations_iPad = "UIInterfaceOrientationPortrait UIInterfaceOrientationPortraitUpsideDown UIInterfaceOrientationLandscapeLeft UIInterfaceOrientationLandscapeRight";
				INFOPLIST_KEY_UISupportedInterfaceOrientations_iPhone = "UIInterfaceOrientationPortrait UIInterfaceOrientationLandscapeLeft UIInterfaceOrientationLandscapeRight";
				LD_RUNPATH_SEARCH_PATHS = (
					"$(inherited)",
					"@executable_path/Frameworks",
				);
				MARKETING_VERSION = 1.0;
				PRODUCT_BUNDLE_IDENTIFIER = "app.dev.SwiftUI-Designing-Learning";
				PRODUCT_NAME = "$(TARGET_NAME)";
				SWIFT_EMIT_LOC_STRINGS = YES;
				SWIFT_VERSION = 5.0;
				TARGETED_DEVICE_FAMILY = "1,2";
			};
			name = Debug;
		};
		186FEF0D2CB3ECA5004F13AF /* Release */ = {
			isa = XCBuildConfiguration;
			buildSettings = {
				ASSETCATALOG_COMPILER_APPICON_NAME = AppIcon;
				ASSETCATALOG_COMPILER_GLOBAL_ACCENT_COLOR_NAME = AccentColor;
				CODE_SIGN_STYLE = Automatic;
				CURRENT_PROJECT_VERSION = 1;
				DEVELOPMENT_ASSET_PATHS = "\"SwiftUI-Designing-Learning/Preview Content\"";
				ENABLE_PREVIEWS = YES;
				GENERATE_INFOPLIST_FILE = YES;
				INFOPLIST_KEY_UIApplicationSceneManifest_Generation = YES;
				INFOPLIST_KEY_UIApplicationSupportsIndirectInputEvents = YES;
				INFOPLIST_KEY_UILaunchScreen_Generation = YES;
				INFOPLIST_KEY_UISupportedInterfaceOrientations_iPad = "UIInterfaceOrientationPortrait UIInterfaceOrientationPortraitUpsideDown UIInterfaceOrientationLandscapeLeft UIInterfaceOrientationLandscapeRight";
				INFOPLIST_KEY_UISupportedInterfaceOrientations_iPhone = "UIInterfaceOrientationPortrait UIInterfaceOrientationLandscapeLeft UIInterfaceOrientationLandscapeRight";
				LD_RUNPATH_SEARCH_PATHS = (
					"$(inherited)",
					"@executable_path/Frameworks",
				);
				MARKETING_VERSION = 1.0;
				PRODUCT_BUNDLE_IDENTIFIER = "app.dev.SwiftUI-Designing-Learning";
				PRODUCT_NAME = "$(TARGET_NAME)";
				SWIFT_EMIT_LOC_STRINGS = YES;
				SWIFT_VERSION = 5.0;
				TARGETED_DEVICE_FAMILY = "1,2";
			};
			name = Release;
		};
/* End XCBuildConfiguration section */

/* Begin XCConfigurationList section */
		186FEEF82CB3EC9F004F13AF /* Build configuration list for PBXProject "SwiftUI-Designing-Learning" */ = {
			isa = XCConfigurationList;
			buildConfigurations = (
				186FEF092CB3ECA5004F13AF /* Debug */,
				186FEF0A2CB3ECA5004F13AF /* Release */,
			);
			defaultConfigurationIsVisible = 0;
			defaultConfigurationName = Release;
		};
		186FEF0B2CB3ECA5004F13AF /* Build configuration list for PBXNativeTarget "SwiftUI-Designing-Learning" */ = {
			isa = XCConfigurationList;
			buildConfigurations = (
				186FEF0C2CB3ECA5004F13AF /* Debug */,
				186FEF0D2CB3ECA5004F13AF /* Release */,
			);
			defaultConfigurationIsVisible = 0;
			defaultConfigurationName = Release;
		};
/* End XCConfigurationList section */
	};
	rootObject = 186FEEF52CB3EC9F004F13AF /* Project object */;
}
